{
  "version": 1,
  "dependencies": {
    "net10.0-windows7.0": {
      "FFmpeg.AutoGen": {
        "type": "Direct",
        "requested": "[8.1.0, )",
        "resolved": "8.1.0",
        "contentHash": "j7YbmE4QGst6OPk0w1D/EMBv7Ig1CoCnAVtSEYh/88q9MAVEzhu3FjgVFGYqH83jhz2opvaqZe90qG73RLMBWQ=="
      },
      "Microsoft.Extensions.DependencyInjection.Abstractions": {
        "type": "Direct",
        "requested": "[10.0.10, )",
        "resolved": "10.0.10",
        "contentHash": "z/2xXlFw2aLGjHyEm6E0tQ+In6VfzQzTrtArbQ2c0TQE16ZbyDCMGPvaUT9I0s8rgy9sRWlU2P9waW37qV04qA=="
      },
      "Microsoft.Extensions.Logging.Abstractions": {
        "type": "Direct",
        "requested": "[10.0.10, )",
        "resolved": "10.0.10",
        "contentHash": "zkFxGYUvdxAvIKTyXHrmW+Sux53D4SezD9dMyZ6hrwwzPQJNuwCRy1f5W7AvYTqacEGhWF2XderRQG1OvbV8og==",
        "dependencies": {
          "Microsoft.Extensions.DependencyInjection.Abstractions": "10.0.10"
        }
      },
      "SIPSorceryMedia.FFmpeg": {
        "type": "Direct",
        "requested": "[10.0.12, )",
        "resolved": "10.0.12",
        "contentHash": "+J8nvQvCary0feeFIArBJbqMYYaoa7wDgMXubLE/d9ZiVn6plYkk0/ezb5/YqnWTcyXkrgK2Jz3oepcBM28jlw==",
        "dependencies": {
          "FFmpeg.AutoGen": "8.1.0",
          "SIPSorceryMedia.Abstractions": "10.0.12"
        }
      },
      "SIPSorceryMedia.Abstractions": {
        "type": "Transitive",
        "resolved": "10.0.12",
        "contentHash": "CbJYv3raCRbZO/09UHYKIViG6sfetASDDxVscYiiab8D3ed2BCYTBM+UfAh7eJesKxAFNzggX4kUngBYuVWl1w==",
        "dependencies": {
          "Microsoft.Extensions.Logging.Abstractions": "10.0.7"
        }
      }
    },
    "net10.0-windows7.0/win-x64": {}
  }
}